
Microsoft Visual Studio Solution File, Format Version 12.00
# Visual Studio Version 16
VisualStudioVersion = 16.0.30204.135
MinimumVisualStudioVersion = 10.0.40219.1
Project("{9A19103F-16F7-4668-BE54-9A1E7A4F7556}") = "RabbitMq.Demo.Client", "RabbitMq.Demo.Client\RabbitMq.Demo.Client.csproj", "{EF5F5244-FB05-4EB2-A705-DC4262B35623}"
EndProject
Project("{FAE04EC0-301F-11D3-BF4B-00C04F79EFBC}") = "RabbitMq.Demo.Server", "RabbitMq.Demo.Server\RabbitMq.Demo.Server.csproj", "{17C32554-BC7D-49E6-85CF-DE9ECDB1C9DF}"
EndProject
Project("{FAE04EC0-301F-11D3-BF4B-00C04F79EFBC}") = "RabbitMq.Demo.Server2", "RabbitMq.Demo.Server2\RabbitMq.Demo.Server2.csproj", "{2E9FB98E-E91B-4861-B805-CCBF6795E609}"
EndProject
Global
	GlobalSection(SolutionConfigurationPlatforms) = preSolution
		Debug|Any CPU = Debug|Any CPU
		Release|Any CPU = Release|Any CPU
	EndGlobalSection
	GlobalSection(ProjectConfigurationPlatforms) = postSolution
		{EF5F5244-FB05-4EB2-A705-DC4262B35623}.Debug|Any CPU.ActiveCfg = Debug|Any CPU
		{EF5F5244-FB05-4EB2-A705-DC4262B35623}.Debug|Any CPU.Build.0 = Debug|Any CPU
		{EF5F5244-FB05-4EB2-A705-DC4262B35623}.Release|Any CPU.ActiveCfg = Release|Any CPU
		{EF5F5244-FB05-4EB2-A705-DC4262B35623}.Release|Any CPU.Build.0 = Release|Any CPU
		{17C32554-BC7D-49E6-85CF-DE9ECDB1C9DF}.Debug|Any CPU.ActiveCfg = Debug|Any CPU
		{17C32554-BC7D-49E6-85CF-DE9ECDB1C9DF}.Debug|Any CPU.Build.0 = Debug|Any CPU
		{17C32554-BC7D-49E6-85CF-DE9ECDB1C9DF}.Release|Any CPU.ActiveCfg = Release|Any CPU
		{17C32554-BC7D-49E6-85CF-DE9ECDB1C9DF}.Release|Any CPU.Build.0 = Release|Any CPU
		{2E9FB98E-E91B-4861-B805-CCBF6795E609}.Debug|Any CPU.ActiveCfg = Debug|Any CPU
		{2E9FB98E-E91B-4861-B805-CCBF6795E609}.Debug|Any CPU.Build.0 = Debug|Any CPU
		{2E9FB98E-E91B-4861-B805-CCBF6795E609}.Release|Any CPU.ActiveCfg = Release|Any CPU
		{2E9FB98E-E91B-4861-B805-CCBF6795E609}.Release|Any CPU.Build.0 = Release|Any CPU
	EndGlobalSection
	GlobalSection(SolutionProperties) = preSolution
		HideSolutionNode = FALSE
	EndGlobalSection
	GlobalSection(ExtensibilityGlobals) = postSolution
		SolutionGuid = {4A873D1A-0513-44F3-9D58-0A4D694BDFA1}
	EndGlobalSection
EndGlobal
